
Microsoft Visual Studio Solution File, Format Version 12.00
# Visual Studio Version 16
VisualStudioVersion = 16.0.29519.181
MinimumVisualStudioVersion = 10.0.40219.1
Project("{FAE04EC0-301F-11D3-BF4B-00C04F79EFBC}") = "LS_Controller", "LS_Controller\LS_Controller.csproj", "{953007F8-B420-4F6C-A8DE-8B7FDBEE2497}"
EndProject
Global
	GlobalSection(SolutionConfigurationPlatforms) = preSolution
		Debug|Any CPU = Debug|Any CPU
		Release|Any CPU = Release|Any CPU
	EndGlobalSection
	GlobalSection(ProjectConfigurationPlatforms) = postSolution
		{953007F8-B420-4F6C-A8DE-8B7FDBEE2497}.Debug|Any CPU.ActiveCfg = Debug|Any CPU
		{953007F8-B420-4F6C-A8DE-8B7FDBEE2497}.Debug|Any CPU.Build.0 = Debug|Any CPU
		{953007F8-B420-4F6C-A8DE-8B7FDBEE2497}.Release|Any CPU.ActiveCfg = Release|Any CPU
		{953007F8-B420-4F6C-A8DE-8B7FDBEE2497}.Release|Any CPU.Build.0 = Release|Any CPU
	EndGlobalSection
	GlobalSection(SolutionProperties) = preSolution
		HideSolutionNode = FALSE
	EndGlobalSection
	GlobalSection(ExtensibilityGlobals) = postSolution
		SolutionGuid = {363C56DE-F472-4397-AE9A-E297D996D562}
	EndGlobalSection
EndGlobal
